
Microsoft Visual Studio Solution File, Format Version 12.00
# Visual Studio 15
VisualStudioVersion = 15.0.28307.168
MinimumVisualStudioVersion = 10.0.40219.1
Project("{8BC9CEB8-8B4A-11D0-8D11-00A0C91BC942}") = "Project4", "Project4\Project4.vcxproj", "{BDBA1F8D-6E20-4128-BFD6-ECEFE10CD4DC}"
EndProject
Global
	GlobalSection(SolutionConfigurationPlatforms) = preSolution
		Debug|x64 = Debug|x64
		Debug|x86 = Debug|x86
		Release|x64 = Release|x64
		Release|x86 = Release|x86
	EndGlobalSection
	GlobalSection(ProjectConfigurationPlatforms) = postSolution
		{BDBA1F8D-6E20-4128-BFD6-ECEFE10CD4DC}.Debug|x64.ActiveCfg = Debug|x64
		{BDBA1F8D-6E20-4128-BFD6-ECEFE10CD4DC}.Debug|x64.Build.0 = Debug|x64
		{BDBA1F8D-6E20-4128-BFD6-ECEFE10CD4DC}.Debug|x86.ActiveCfg = Debug|Win32
		{BDBA1F8D-6E20-4128-BFD6-ECEFE10CD4DC}.Debug|x86.Build.0 = Debug|Win32
		{BDBA1F8D-6E20-4128-BFD6-ECEFE10CD4DC}.Release|x64.ActiveCfg = Release|x64
		{BDBA1F8D-6E20-4128-BFD6-ECEFE10CD4DC}.Release|x64.Build.0 = Release|x64
		{BDBA1F8D-6E20-4128-BFD6-ECEFE10CD4DC}.Release|x86.ActiveCfg = Release|Win32
		{BDBA1F8D-6E20-4128-BFD6-ECEFE10CD4DC}.Release|x86.Build.0 = Release|Win32
	EndGlobalSection
	GlobalSection(SolutionProperties) = preSolution
		HideSolutionNode = FALSE
	EndGlobalSection
	GlobalSection(ExtensibilityGlobals) = postSolution
		SolutionGuid = {DFC8DAA4-2C6E-4B86-B1A6-B7D1E402258A}
	EndGlobalSection
EndGlobal
